
Microsoft Visual Studio Solution File, Format Version 12.00
Project("{F2A71F9B-5D33-465A-A702-920D77279786}") = "Day08", "Day08.fsproj", "{70D7B222-33C8-40F5-B236-4B0966C7E567}"
EndProject
Global
	GlobalSection(SolutionConfigurationPlatforms) = preSolution
		Debug|Any CPU = Debug|Any CPU
		Release|Any CPU = Release|Any CPU
	EndGlobalSection
	GlobalSection(ProjectConfigurationPlatforms) = postSolution
		{70D7B222-33C8-40F5-B236-4B0966C7E567}.Debug|Any CPU.ActiveCfg = Debug|Any CPU
		{70D7B222-33C8-40F5-B236-4B0966C7E567}.Debug|Any CPU.Build.0 = Debug|Any CPU
		{70D7B222-33C8-40F5-B236-4B0966C7E567}.Release|Any CPU.ActiveCfg = Release|Any CPU
		{70D7B222-33C8-40F5-B236-4B0966C7E567}.Release|Any CPU.Build.0 = Release|Any CPU
	EndGlobalSection
EndGlobal
